
Microsoft Visual Studio Solution File, Format Version 12.00
# Visual Studio Version 17
VisualStudioVersion = 17.11.35312.102
MinimumVisualStudioVersion = 10.0.40219.1
Project("{FAE04EC0-301F-11D3-BF4B-00C04F79EFBC}") = "JSopX.RCLxProper", "JSopX.RCLxProper\JSopX.RCLxProper.csproj", "{70824F36-EB66-4B73-8CA5-9B82E8F00360}"
EndProject
Project("{9A19103F-16F7-4668-BE54-9A1E7A4F7556}") = "JSopX.ClassLibrary", "JSopX.ClassLibrary\JSopX.ClassLibrary\JSopX.ClassLibrary.csproj", "{896CC390-1D08-44C1-85A9-833994315B10}"
EndProject
Project("{2150E333-8FDC-42A3-9474-1A3956D46DE8}") = "Solution Items", "Solution Items", "{7372CEC9-0C34-477C-8A13-5DEA4DFDC3FA}"
	ProjectSection(SolutionItems) = preProject
		LICENSE.txt = LICENSE.txt
		PathConfig.targets = PathConfig.targets
		README.md = README.md
	EndProjectSection
EndProject
Global
	GlobalSection(SolutionConfigurationPlatforms) = preSolution
		Debug|Any CPU = Debug|Any CPU
		Release|Any CPU = Release|Any CPU
	EndGlobalSection
	GlobalSection(ProjectConfigurationPlatforms) = postSolution
		{70824F36-EB66-4B73-8CA5-9B82E8F00360}.Debug|Any CPU.ActiveCfg = Debug|Any CPU
		{70824F36-EB66-4B73-8CA5-9B82E8F00360}.Debug|Any CPU.Build.0 = Debug|Any CPU
		{70824F36-EB66-4B73-8CA5-9B82E8F00360}.Release|Any CPU.ActiveCfg = Release|Any CPU
		{70824F36-EB66-4B73-8CA5-9B82E8F00360}.Release|Any CPU.Build.0 = Release|Any CPU
		{896CC390-1D08-44C1-85A9-833994315B10}.Debug|Any CPU.ActiveCfg = Debug|Any CPU
		{896CC390-1D08-44C1-85A9-833994315B10}.Debug|Any CPU.Build.0 = Debug|Any CPU
		{896CC390-1D08-44C1-85A9-833994315B10}.Release|Any CPU.ActiveCfg = Release|Any CPU
		{896CC390-1D08-44C1-85A9-833994315B10}.Release|Any CPU.Build.0 = Release|Any CPU
	EndGlobalSection
	GlobalSection(SolutionProperties) = preSolution
		HideSolutionNode = FALSE
	EndGlobalSection
	GlobalSection(ExtensibilityGlobals) = postSolution
		SolutionGuid = {3CCC07A1-A329-4353-AA95-899E54B0D62F}
	EndGlobalSection
EndGlobal
