
Microsoft Visual Studio Solution File, Format Version 12.00
# Visual Studio Version 17
VisualStudioVersion = 17.11.35303.130
MinimumVisualStudioVersion = 10.0.40219.1
Project("{FAE04EC0-301F-11D3-BF4B-00C04F79EFBC}") = "JSopX.VueCore.Server", "JSopX.VueCore.Server\JSopX.VueCore.Server.csproj", "{69ADBF74-3479-4FD8-8E6C-D335FD349B82}"
EndProject
Project("{54A90642-561A-4BB1-A94E-469ADEE60C69}") = "jsopx.vuecore.client", "jsopx.vuecore.client\jsopx.vuecore.client.esproj", "{80E38D21-A863-465C-966B-ECB813DEE2E8}"
EndProject
Project("{2150E333-8FDC-42A3-9474-1A3956D46DE8}") = "Solution Items", "Solution Items", "{BB17F9FE-1504-48E8-B3E0-F9579ABC5FBE}"
	ProjectSection(SolutionItems) = preProject
		LICENSE.txt = LICENSE.txt
		README.md = README.md
	EndProjectSection
EndProject
Project("{9A19103F-16F7-4668-BE54-9A1E7A4F7556}") = "JSopX.ClassLibrary", "JSopX.ClassLibrary\JSopX.ClassLibrary\JSopX.ClassLibrary.csproj", "{688A6375-6DD1-4B13-B63E-FFA74C809177}"
EndProject
Project("{9A19103F-16F7-4668-BE54-9A1E7A4F7556}") = "JSopX.WebAPI", "JSopX.WebAPI\JSopX.WebAPI\JSopX.WebAPI.csproj", "{88E90346-75F7-42A6-AF29-C20276966D21}"
EndProject
Project("{9A19103F-16F7-4668-BE54-9A1E7A4F7556}") = "JSopX.RCLxProper", "JSopX.RCLxProper\JSopX.RCLxProper\JSopX.RCLxProper.csproj", "{F8335A77-BB79-49D3-BA54-C34F1B061F9D}"
EndProject
Global
	GlobalSection(SolutionConfigurationPlatforms) = preSolution
		Debug|Any CPU = Debug|Any CPU
		Release|Any CPU = Release|Any CPU
	EndGlobalSection
	GlobalSection(ProjectConfigurationPlatforms) = postSolution
		{69ADBF74-3479-4FD8-8E6C-D335FD349B82}.Debug|Any CPU.ActiveCfg = Debug|Any CPU
		{69ADBF74-3479-4FD8-8E6C-D335FD349B82}.Debug|Any CPU.Build.0 = Debug|Any CPU
		{69ADBF74-3479-4FD8-8E6C-D335FD349B82}.Release|Any CPU.ActiveCfg = Release|Any CPU
		{69ADBF74-3479-4FD8-8E6C-D335FD349B82}.Release|Any CPU.Build.0 = Release|Any CPU
		{80E38D21-A863-465C-966B-ECB813DEE2E8}.Debug|Any CPU.ActiveCfg = Debug|Any CPU
		{80E38D21-A863-465C-966B-ECB813DEE2E8}.Debug|Any CPU.Build.0 = Debug|Any CPU
		{80E38D21-A863-465C-966B-ECB813DEE2E8}.Debug|Any CPU.Deploy.0 = Debug|Any CPU
		{80E38D21-A863-465C-966B-ECB813DEE2E8}.Release|Any CPU.ActiveCfg = Release|Any CPU
		{80E38D21-A863-465C-966B-ECB813DEE2E8}.Release|Any CPU.Build.0 = Release|Any CPU
		{80E38D21-A863-465C-966B-ECB813DEE2E8}.Release|Any CPU.Deploy.0 = Release|Any CPU
		{688A6375-6DD1-4B13-B63E-FFA74C809177}.Debug|Any CPU.ActiveCfg = Debug|Any CPU
		{688A6375-6DD1-4B13-B63E-FFA74C809177}.Debug|Any CPU.Build.0 = Debug|Any CPU
		{688A6375-6DD1-4B13-B63E-FFA74C809177}.Release|Any CPU.ActiveCfg = Release|Any CPU
		{688A6375-6DD1-4B13-B63E-FFA74C809177}.Release|Any CPU.Build.0 = Release|Any CPU
		{88E90346-75F7-42A6-AF29-C20276966D21}.Debug|Any CPU.ActiveCfg = Debug|Any CPU
		{88E90346-75F7-42A6-AF29-C20276966D21}.Debug|Any CPU.Build.0 = Debug|Any CPU
		{88E90346-75F7-42A6-AF29-C20276966D21}.Release|Any CPU.ActiveCfg = Release|Any CPU
		{88E90346-75F7-42A6-AF29-C20276966D21}.Release|Any CPU.Build.0 = Release|Any CPU
		{F8335A77-BB79-49D3-BA54-C34F1B061F9D}.Debug|Any CPU.ActiveCfg = Debug|Any CPU
		{F8335A77-BB79-49D3-BA54-C34F1B061F9D}.Debug|Any CPU.Build.0 = Debug|Any CPU
		{F8335A77-BB79-49D3-BA54-C34F1B061F9D}.Release|Any CPU.ActiveCfg = Release|Any CPU
		{F8335A77-BB79-49D3-BA54-C34F1B061F9D}.Release|Any CPU.Build.0 = Release|Any CPU
	EndGlobalSection
	GlobalSection(SolutionProperties) = preSolution
		HideSolutionNode = FALSE
	EndGlobalSection
	GlobalSection(ExtensibilityGlobals) = postSolution
		SolutionGuid = {32D8E6D9-6C59-4883-81F2-EC6299548003}
	EndGlobalSection
EndGlobal
